
Microsoft Visual Studio Solution File, Format Version 12.00
# Visual Studio Version 16
VisualStudioVersion = 16.0.30406.217
MinimumVisualStudioVersion = 10.0.40219.1
Project("{8BC9CEB8-8B4A-11D0-8D11-00A0C91BC942}") = "type_punning", "type_punning\type_punning.vcxproj", "{1C28D680-2CFA-41E5-B92A-27C69A44BB7A}"
EndProject
Project("{8BC9CEB8-8B4A-11D0-8D11-00A0C91BC942}") = "timing", "timing\timing.vcxproj", "{8AB9B220-2A1A-48FF-921B-61D52646F371}"
EndProject
Project("{8BC9CEB8-8B4A-11D0-8D11-00A0C91BC942}") = "delete_free", "delete_free\delete_free.vcxproj", "{6B92AD03-3031-4A87-B161-373A611149F5}"
EndProject
Project("{8BC9CEB8-8B4A-11D0-8D11-00A0C91BC942}") = "pointers", "pointers\pointers.vcxproj", "{5C8F38B9-90F2-46B5-82F9-85E282630B68}"
EndProject
Project("{8BC9CEB8-8B4A-11D0-8D11-00A0C91BC942}") = "strings", "strings\strings.vcxproj", "{5245B6D4-CCFC-4547-B202-02BD508B8F17}"
EndProject
Project("{8BC9CEB8-8B4A-11D0-8D11-00A0C91BC942}") = "constructor_destructor", "constructor_destructor\constructor_destructor.vcxproj", "{F3811AA1-DD6B-4235-A4DA-B4734964AA44}"
EndProject
Project("{8BC9CEB8-8B4A-11D0-8D11-00A0C91BC942}") = "lambda", "lambda\lambda.vcxproj", "{AF15B52C-7D14-414B-B51C-F38F6F5C7ABA}"
EndProject
Project("{8BC9CEB8-8B4A-11D0-8D11-00A0C91BC942}") = "std_async", "std_async\std_async.vcxproj", "{C33FF12C-7127-4ED6-8723-56CB634460C8}"
EndProject
Project("{8BC9CEB8-8B4A-11D0-8D11-00A0C91BC942}") = "assert", "assert\assert.vcxproj", "{BDB94423-0DBB-4FA1-9D43-86DBBAF8FB0E}"
EndProject
Project("{8BC9CEB8-8B4A-11D0-8D11-00A0C91BC942}") = "heaps", "heaps\heaps.vcxproj", "{ED654B05-6EA7-4E51-8275-86EA8C818822}"
EndProject
Project("{8BC9CEB8-8B4A-11D0-8D11-00A0C91BC942}") = "bst", "bst\bst.vcxproj", "{C3DC6147-50A4-45C7-B7D9-510280811B35}"
EndProject
Project("{8BC9CEB8-8B4A-11D0-8D11-00A0C91BC942}") = "move_semantics", "move_semantics\move_semantics.vcxproj", "{322FB790-A3D6-4434-8FA5-0C9C3BD863AB}"
EndProject
Project("{8BC9CEB8-8B4A-11D0-8D11-00A0C91BC942}") = "graphs", "graphs\graphs.vcxproj", "{E3AD00A2-4667-4E6E-B307-0EFB425C3F47}"
EndProject
Project("{8BC9CEB8-8B4A-11D0-8D11-00A0C91BC942}") = "data_alignment", "data_alignment\data_alignment.vcxproj", "{9E763DA5-6BF3-42A4-8601-546EF64282E5}"
EndProject
Project("{8BC9CEB8-8B4A-11D0-8D11-00A0C91BC942}") = "bit_fields", "bit_fields\bit_fields.vcxproj", "{3308EF68-C4BD-48D1-A944-3DEFAA0DB4D1}"
EndProject
Project("{8BC9CEB8-8B4A-11D0-8D11-00A0C91BC942}") = "smart_pointers", "smart_pointers\smart_pointers.vcxproj", "{C2BCD2C5-1387-4229-8D61-F6083AC5934E}"
EndProject
Project("{8BC9CEB8-8B4A-11D0-8D11-00A0C91BC942}") = "exceptions", "exceptions\exceptions.vcxproj", "{4F03CDE3-D256-4CF6-B5FC-E697C3D32374}"
EndProject
Project("{8BC9CEB8-8B4A-11D0-8D11-00A0C91BC942}") = "playground", "playground\playground.vcxproj", "{DE1F46BB-A3F3-4910-8FF0-694F6ED33002}"
EndProject
Project("{8BC9CEB8-8B4A-11D0-8D11-00A0C91BC942}") = "virtual_classes", "virtual_classes\virtual_classes.vcxproj", "{E1207E52-EE9F-46E0-A6B3-AB6F3D79152E}"
EndProject
Project("{8BC9CEB8-8B4A-11D0-8D11-00A0C91BC942}") = "templates", "templates\templates.vcxproj", "{66650BF9-416B-450E-90AA-D9DD3FF2A695}"
EndProject
Project("{8BC9CEB8-8B4A-11D0-8D11-00A0C91BC942}") = "virtual_functions", "virtual_functions\virtual_functions.vcxproj", "{98D3C9D2-EC31-4D14-B0BE-ABCBB73FB268}"
EndProject
Project("{8BC9CEB8-8B4A-11D0-8D11-00A0C91BC942}") = "std_promise", "std_promise\std_promise.vcxproj", "{EF72AB62-7BDB-4F56-A8D3-1DF6ACAC4003}"
EndProject
Project("{8BC9CEB8-8B4A-11D0-8D11-00A0C91BC942}") = "std_condition_variable", "std_condition_variable\std_condition_variable.vcxproj", "{A5855DC4-9028-4FAE-A507-425F69C43469}"
EndProject
Project("{8BC9CEB8-8B4A-11D0-8D11-00A0C91BC942}") = "empty", "empty\empty.vcxproj", "{6164B71B-D3DC-435A-B85E-2941DF843DCA}"
EndProject
Project("{8BC9CEB8-8B4A-11D0-8D11-00A0C91BC942}") = "std_maps", "std_maps\std_maps.vcxproj", "{061B478B-2863-4A65-8141-91FD02E82C3C}"
EndProject
Project("{8BC9CEB8-8B4A-11D0-8D11-00A0C91BC942}") = "std_vector_dynamic_array", "std_vector_dynamic_array\std_vector_dynamic_array.vcxproj", "{6781E693-946D-4CAD-A3D5-650532EA7343}"
EndProject
Project("{8BC9CEB8-8B4A-11D0-8D11-00A0C91BC942}") = "pimpl", "pimpl\pimpl.vcxproj", "{FE5FAC92-49F5-4076-883C-97CA81A31D1D}"
EndProject
Project("{8BC9CEB8-8B4A-11D0-8D11-00A0C91BC942}") = "observer_pattern", "observer_pattern\observer_pattern.vcxproj", "{4011CA86-DAF0-411F-8056-C600E87EB160}"
EndProject
Project("{8BC9CEB8-8B4A-11D0-8D11-00A0C91BC942}") = "factory_pattern", "factory_pattern\factory_pattern.vcxproj", "{047215AE-28FF-4F44-8AEE-D541859EEC43}"
EndProject
Project("{2150E333-8FDC-42A3-9474-1A3956D46DE8}") = "patterns", "patterns", "{D449DA6E-48ED-4336-BDA0-D601559162CE}"
EndProject
Project("{8BC9CEB8-8B4A-11D0-8D11-00A0C91BC942}") = "variadics", "variadics\variadics.vcxproj", "{E32E64E4-C90C-4413-BAE5-281C8FBFA51D}"
EndProject
Project("{8BC9CEB8-8B4A-11D0-8D11-00A0C91BC942}") = "crtp", "crtp\crtp.vcxproj", "{A96A91A8-28B7-4CFA-83E2-53279B814FAA}"
EndProject
Global
	GlobalSection(SolutionConfigurationPlatforms) = preSolution
		Debug|x64 = Debug|x64
		Debug|x86 = Debug|x86
		Release|x64 = Release|x64
		Release|x86 = Release|x86
	EndGlobalSection
	GlobalSection(ProjectConfigurationPlatforms) = postSolution
		{1C28D680-2CFA-41E5-B92A-27C69A44BB7A}.Debug|x64.ActiveCfg = Debug|x64
		{1C28D680-2CFA-41E5-B92A-27C69A44BB7A}.Debug|x64.Build.0 = Debug|x64
		{1C28D680-2CFA-41E5-B92A-27C69A44BB7A}.Debug|x86.ActiveCfg = Debug|Win32
		{1C28D680-2CFA-41E5-B92A-27C69A44BB7A}.Debug|x86.Build.0 = Debug|Win32
		{1C28D680-2CFA-41E5-B92A-27C69A44BB7A}.Release|x64.ActiveCfg = Release|x64
		{1C28D680-2CFA-41E5-B92A-27C69A44BB7A}.Release|x64.Build.0 = Release|x64
		{1C28D680-2CFA-41E5-B92A-27C69A44BB7A}.Release|x86.ActiveCfg = Release|Win32
		{1C28D680-2CFA-41E5-B92A-27C69A44BB7A}.Release|x86.Build.0 = Release|Win32
		{8AB9B220-2A1A-48FF-921B-61D52646F371}.Debug|x64.ActiveCfg = Debug|x64
		{8AB9B220-2A1A-48FF-921B-61D52646F371}.Debug|x64.Build.0 = Debug|x64
		{8AB9B220-2A1A-48FF-921B-61D52646F371}.Debug|x86.ActiveCfg = Debug|Win32
		{8AB9B220-2A1A-48FF-921B-61D52646F371}.Debug|x86.Build.0 = Debug|Win32
		{8AB9B220-2A1A-48FF-921B-61D52646F371}.Release|x64.ActiveCfg = Release|x64
		{8AB9B220-2A1A-48FF-921B-61D52646F371}.Release|x64.Build.0 = Release|x64
		{8AB9B220-2A1A-48FF-921B-61D52646F371}.Release|x86.ActiveCfg = Release|Win32
		{8AB9B220-2A1A-48FF-921B-61D52646F371}.Release|x86.Build.0 = Release|Win32
		{6B92AD03-3031-4A87-B161-373A611149F5}.Debug|x64.ActiveCfg = Debug|x64
		{6B92AD03-3031-4A87-B161-373A611149F5}.Debug|x64.Build.0 = Debug|x64
		{6B92AD03-3031-4A87-B161-373A611149F5}.Debug|x86.ActiveCfg = Debug|Win32
		{6B92AD03-3031-4A87-B161-373A611149F5}.Debug|x86.Build.0 = Debug|Win32
		{6B92AD03-3031-4A87-B161-373A611149F5}.Release|x64.ActiveCfg = Release|x64
		{6B92AD03-3031-4A87-B161-373A611149F5}.Release|x64.Build.0 = Release|x64
		{6B92AD03-3031-4A87-B161-373A611149F5}.Release|x86.ActiveCfg = Release|Win32
		{6B92AD03-3031-4A87-B161-373A611149F5}.Release|x86.Build.0 = Release|Win32
		{5C8F38B9-90F2-46B5-82F9-85E282630B68}.Debug|x64.ActiveCfg = Debug|x64
		{5C8F38B9-90F2-46B5-82F9-85E282630B68}.Debug|x64.Build.0 = Debug|x64
		{5C8F38B9-90F2-46B5-82F9-85E282630B68}.Debug|x86.ActiveCfg = Debug|Win32
		{5C8F38B9-90F2-46B5-82F9-85E282630B68}.Debug|x86.Build.0 = Debug|Win32
		{5C8F38B9-90F2-46B5-82F9-85E282630B68}.Release|x64.ActiveCfg = Release|x64
		{5C8F38B9-90F2-46B5-82F9-85E282630B68}.Release|x64.Build.0 = Release|x64
		{5C8F38B9-90F2-46B5-82F9-85E282630B68}.Release|x86.ActiveCfg = Release|Win32
		{5C8F38B9-90F2-46B5-82F9-85E282630B68}.Release|x86.Build.0 = Release|Win32
		{5245B6D4-CCFC-4547-B202-02BD508B8F17}.Debug|x64.ActiveCfg = Debug|x64
		{5245B6D4-CCFC-4547-B202-02BD508B8F17}.Debug|x64.Build.0 = Debug|x64
		{5245B6D4-CCFC-4547-B202-02BD508B8F17}.Debug|x86.ActiveCfg = Debug|Win32
		{5245B6D4-CCFC-4547-B202-02BD508B8F17}.Debug|x86.Build.0 = Debug|Win32
		{5245B6D4-CCFC-4547-B202-02BD508B8F17}.Release|x64.ActiveCfg = Release|x64
		{5245B6D4-CCFC-4547-B202-02BD508B8F17}.Release|x64.Build.0 = Release|x64
		{5245B6D4-CCFC-4547-B202-02BD508B8F17}.Release|x86.ActiveCfg = Release|Win32
		{5245B6D4-CCFC-4547-B202-02BD508B8F17}.Release|x86.Build.0 = Release|Win32
		{F3811AA1-DD6B-4235-A4DA-B4734964AA44}.Debug|x64.ActiveCfg = Debug|x64
		{F3811AA1-DD6B-4235-A4DA-B4734964AA44}.Debug|x64.Build.0 = Debug|x64
		{F3811AA1-DD6B-4235-A4DA-B4734964AA44}.Debug|x86.ActiveCfg = Debug|Win32
		{F3811AA1-DD6B-4235-A4DA-B4734964AA44}.Debug|x86.Build.0 = Debug|Win32
		{F3811AA1-DD6B-4235-A4DA-B4734964AA44}.Release|x64.ActiveCfg = Release|x64
		{F3811AA1-DD6B-4235-A4DA-B4734964AA44}.Release|x64.Build.0 = Release|x64
		{F3811AA1-DD6B-4235-A4DA-B4734964AA44}.Release|x86.ActiveCfg = Release|Win32
		{F3811AA1-DD6B-4235-A4DA-B4734964AA44}.Release|x86.Build.0 = Release|Win32
		{AF15B52C-7D14-414B-B51C-F38F6F5C7ABA}.Debug|x64.ActiveCfg = Debug|x64
		{AF15B52C-7D14-414B-B51C-F38F6F5C7ABA}.Debug|x64.Build.0 = Debug|x64
		{AF15B52C-7D14-414B-B51C-F38F6F5C7ABA}.Debug|x86.ActiveCfg = Debug|Win32
		{AF15B52C-7D14-414B-B51C-F38F6F5C7ABA}.Debug|x86.Build.0 = Debug|Win32
		{AF15B52C-7D14-414B-B51C-F38F6F5C7ABA}.Release|x64.ActiveCfg = Release|x64
		{AF15B52C-7D14-414B-B51C-F38F6F5C7ABA}.Release|x64.Build.0 = Release|x64
		{AF15B52C-7D14-414B-B51C-F38F6F5C7ABA}.Release|x86.ActiveCfg = Release|Win32
		{AF15B52C-7D14-414B-B51C-F38F6F5C7ABA}.Release|x86.Build.0 = Release|Win32
		{C33FF12C-7127-4ED6-8723-56CB634460C8}.Debug|x64.ActiveCfg = Debug|x64
		{C33FF12C-7127-4ED6-8723-56CB634460C8}.Debug|x64.Build.0 = Debug|x64
		{C33FF12C-7127-4ED6-8723-56CB634460C8}.Debug|x86.ActiveCfg = Debug|Win32
		{C33FF12C-7127-4ED6-8723-56CB634460C8}.Debug|x86.Build.0 = Debug|Win32
		{C33FF12C-7127-4ED6-8723-56CB634460C8}.Release|x64.ActiveCfg = Release|x64
		{C33FF12C-7127-4ED6-8723-56CB634460C8}.Release|x64.Build.0 = Release|x64
		{C33FF12C-7127-4ED6-8723-56CB634460C8}.Release|x86.ActiveCfg = Release|Win32
		{C33FF12C-7127-4ED6-8723-56CB634460C8}.Release|x86.Build.0 = Release|Win32
		{BDB94423-0DBB-4FA1-9D43-86DBBAF8FB0E}.Debug|x64.ActiveCfg = Debug|x64
		{BDB94423-0DBB-4FA1-9D43-86DBBAF8FB0E}.Debug|x64.Build.0 = Debug|x64
		{BDB94423-0DBB-4FA1-9D43-86DBBAF8FB0E}.Debug|x86.ActiveCfg = Debug|Win32
		{BDB94423-0DBB-4FA1-9D43-86DBBAF8FB0E}.Debug|x86.Build.0 = Debug|Win32
		{BDB94423-0DBB-4FA1-9D43-86DBBAF8FB0E}.Release|x64.ActiveCfg = Release|x64
		{BDB94423-0DBB-4FA1-9D43-86DBBAF8FB0E}.Release|x64.Build.0 = Release|x64
		{BDB94423-0DBB-4FA1-9D43-86DBBAF8FB0E}.Release|x86.ActiveCfg = Release|Win32
		{BDB94423-0DBB-4FA1-9D43-86DBBAF8FB0E}.Release|x86.Build.0 = Release|Win32
		{ED654B05-6EA7-4E51-8275-86EA8C818822}.Debug|x64.ActiveCfg = Debug|x64
		{ED654B05-6EA7-4E51-8275-86EA8C818822}.Debug|x64.Build.0 = Debug|x64
		{ED654B05-6EA7-4E51-8275-86EA8C818822}.Debug|x86.ActiveCfg = Debug|Win32
		{ED654B05-6EA7-4E51-8275-86EA8C818822}.Debug|x86.Build.0 = Debug|Win32
		{ED654B05-6EA7-4E51-8275-86EA8C818822}.Release|x64.ActiveCfg = Release|x64
		{ED654B05-6EA7-4E51-8275-86EA8C818822}.Release|x64.Build.0 = Release|x64
		{ED654B05-6EA7-4E51-8275-86EA8C818822}.Release|x86.ActiveCfg = Release|Win32
		{ED654B05-6EA7-4E51-8275-86EA8C818822}.Release|x86.Build.0 = Release|Win32
		{C3DC6147-50A4-45C7-B7D9-510280811B35}.Debug|x64.ActiveCfg = Debug|x64
		{C3DC6147-50A4-45C7-B7D9-510280811B35}.Debug|x64.Build.0 = Debug|x64
		{C3DC6147-50A4-45C7-B7D9-510280811B35}.Debug|x86.ActiveCfg = Debug|Win32
		{C3DC6147-50A4-45C7-B7D9-510280811B35}.Debug|x86.Build.0 = Debug|Win32
		{C3DC6147-50A4-45C7-B7D9-510280811B35}.Release|x64.ActiveCfg = Release|x64
		{C3DC6147-50A4-45C7-B7D9-510280811B35}.Release|x64.Build.0 = Release|x64
		{C3DC6147-50A4-45C7-B7D9-510280811B35}.Release|x86.ActiveCfg = Release|Win32
		{C3DC6147-50A4-45C7-B7D9-510280811B35}.Release|x86.Build.0 = Release|Win32
		{322FB790-A3D6-4434-8FA5-0C9C3BD863AB}.Debug|x64.ActiveCfg = Debug|x64
		{322FB790-A3D6-4434-8FA5-0C9C3BD863AB}.Debug|x64.Build.0 = Debug|x64
		{322FB790-A3D6-4434-8FA5-0C9C3BD863AB}.Debug|x86.ActiveCfg = Debug|Win32
		{322FB790-A3D6-4434-8FA5-0C9C3BD863AB}.Debug|x86.Build.0 = Debug|Win32
		{322FB790-A3D6-4434-8FA5-0C9C3BD863AB}.Release|x64.ActiveCfg = Release|x64
		{322FB790-A3D6-4434-8FA5-0C9C3BD863AB}.Release|x64.Build.0 = Release|x64
		{322FB790-A3D6-4434-8FA5-0C9C3BD863AB}.Release|x86.ActiveCfg = Release|Win32
		{322FB790-A3D6-4434-8FA5-0C9C3BD863AB}.Release|x86.Build.0 = Release|Win32
		{E3AD00A2-4667-4E6E-B307-0EFB425C3F47}.Debug|x64.ActiveCfg = Debug|x64
		{E3AD00A2-4667-4E6E-B307-0EFB425C3F47}.Debug|x64.Build.0 = Debug|x64
		{E3AD00A2-4667-4E6E-B307-0EFB425C3F47}.Debug|x86.ActiveCfg = Debug|Win32
		{E3AD00A2-4667-4E6E-B307-0EFB425C3F47}.Debug|x86.Build.0 = Debug|Win32
		{E3AD00A2-4667-4E6E-B307-0EFB425C3F47}.Release|x64.ActiveCfg = Release|x64
		{E3AD00A2-4667-4E6E-B307-0EFB425C3F47}.Release|x64.Build.0 = Release|x64
		{E3AD00A2-4667-4E6E-B307-0EFB425C3F47}.Release|x86.ActiveCfg = Release|Win32
		{E3AD00A2-4667-4E6E-B307-0EFB425C3F47}.Release|x86.Build.0 = Release|Win32
		{9E763DA5-6BF3-42A4-8601-546EF64282E5}.Debug|x64.ActiveCfg = Debug|x64
		{9E763DA5-6BF3-42A4-8601-546EF64282E5}.Debug|x64.Build.0 = Debug|x64
		{9E763DA5-6BF3-42A4-8601-546EF64282E5}.Debug|x86.ActiveCfg = Debug|Win32
		{9E763DA5-6BF3-42A4-8601-546EF64282E5}.Debug|x86.Build.0 = Debug|Win32
		{9E763DA5-6BF3-42A4-8601-546EF64282E5}.Release|x64.ActiveCfg = Release|x64
		{9E763DA5-6BF3-42A4-8601-546EF64282E5}.Release|x64.Build.0 = Release|x64
		{9E763DA5-6BF3-42A4-8601-546EF64282E5}.Release|x86.ActiveCfg = Release|Win32
		{9E763DA5-6BF3-42A4-8601-546EF64282E5}.Release|x86.Build.0 = Release|Win32
		{3308EF68-C4BD-48D1-A944-3DEFAA0DB4D1}.Debug|x64.ActiveCfg = Debug|x64
		{3308EF68-C4BD-48D1-A944-3DEFAA0DB4D1}.Debug|x64.Build.0 = Debug|x64
		{3308EF68-C4BD-48D1-A944-3DEFAA0DB4D1}.Debug|x86.ActiveCfg = Debug|Win32
		{3308EF68-C4BD-48D1-A944-3DEFAA0DB4D1}.Debug|x86.Build.0 = Debug|Win32
		{3308EF68-C4BD-48D1-A944-3DEFAA0DB4D1}.Release|x64.ActiveCfg = Release|x64
		{3308EF68-C4BD-48D1-A944-3DEFAA0DB4D1}.Release|x64.Build.0 = Release|x64
		{3308EF68-C4BD-48D1-A944-3DEFAA0DB4D1}.Release|x86.ActiveCfg = Release|Win32
		{3308EF68-C4BD-48D1-A944-3DEFAA0DB4D1}.Release|x86.Build.0 = Release|Win32
		{C2BCD2C5-1387-4229-8D61-F6083AC5934E}.Debug|x64.ActiveCfg = Debug|x64
		{C2BCD2C5-1387-4229-8D61-F6083AC5934E}.Debug|x64.Build.0 = Debug|x64
		{C2BCD2C5-1387-4229-8D61-F6083AC5934E}.Debug|x86.ActiveCfg = Debug|Win32
		{C2BCD2C5-1387-4229-8D61-F6083AC5934E}.Debug|x86.Build.0 = Debug|Win32
		{C2BCD2C5-1387-4229-8D61-F6083AC5934E}.Release|x64.ActiveCfg = Release|x64
		{C2BCD2C5-1387-4229-8D61-F6083AC5934E}.Release|x64.Build.0 = Release|x64
		{C2BCD2C5-1387-4229-8D61-F6083AC5934E}.Release|x86.ActiveCfg = Release|Win32
		{C2BCD2C5-1387-4229-8D61-F6083AC5934E}.Release|x86.Build.0 = Release|Win32
		{4F03CDE3-D256-4CF6-B5FC-E697C3D32374}.Debug|x64.ActiveCfg = Debug|x64
		{4F03CDE3-D256-4CF6-B5FC-E697C3D32374}.Debug|x64.Build.0 = Debug|x64
		{4F03CDE3-D256-4CF6-B5FC-E697C3D32374}.Debug|x86.ActiveCfg = Debug|Win32
		{4F03CDE3-D256-4CF6-B5FC-E697C3D32374}.Debug|x86.Build.0 = Debug|Win32
		{4F03CDE3-D256-4CF6-B5FC-E697C3D32374}.Release|x64.ActiveCfg = Release|x64
		{4F03CDE3-D256-4CF6-B5FC-E697C3D32374}.Release|x64.Build.0 = Release|x64
		{4F03CDE3-D256-4CF6-B5FC-E697C3D32374}.Release|x86.ActiveCfg = Release|Win32
		{4F03CDE3-D256-4CF6-B5FC-E697C3D32374}.Release|x86.Build.0 = Release|Win32
		{DE1F46BB-A3F3-4910-8FF0-694F6ED33002}.Debug|x64.ActiveCfg = Debug|x64
		{DE1F46BB-A3F3-4910-8FF0-694F6ED33002}.Debug|x64.Build.0 = Debug|x64
		{DE1F46BB-A3F3-4910-8FF0-694F6ED33002}.Debug|x86.ActiveCfg = Debug|Win32
		{DE1F46BB-A3F3-4910-8FF0-694F6ED33002}.Debug|x86.Build.0 = Debug|Win32
		{DE1F46BB-A3F3-4910-8FF0-694F6ED33002}.Release|x64.ActiveCfg = Release|x64
		{DE1F46BB-A3F3-4910-8FF0-694F6ED33002}.Release|x64.Build.0 = Release|x64
		{DE1F46BB-A3F3-4910-8FF0-694F6ED33002}.Release|x86.ActiveCfg = Release|Win32
		{DE1F46BB-A3F3-4910-8FF0-694F6ED33002}.Release|x86.Build.0 = Release|Win32
		{E1207E52-EE9F-46E0-A6B3-AB6F3D79152E}.Debug|x64.ActiveCfg = Debug|x64
		{E1207E52-EE9F-46E0-A6B3-AB6F3D79152E}.Debug|x64.Build.0 = Debug|x64
		{E1207E52-EE9F-46E0-A6B3-AB6F3D79152E}.Debug|x86.ActiveCfg = Debug|Win32
		{E1207E52-EE9F-46E0-A6B3-AB6F3D79152E}.Debug|x86.Build.0 = Debug|Win32
		{E1207E52-EE9F-46E0-A6B3-AB6F3D79152E}.Release|x64.ActiveCfg = Release|x64
		{E1207E52-EE9F-46E0-A6B3-AB6F3D79152E}.Release|x64.Build.0 = Release|x64
		{E1207E52-EE9F-46E0-A6B3-AB6F3D79152E}.Release|x86.ActiveCfg = Release|Win32
		{E1207E52-EE9F-46E0-A6B3-AB6F3D79152E}.Release|x86.Build.0 = Release|Win32
		{66650BF9-416B-450E-90AA-D9DD3FF2A695}.Debug|x64.ActiveCfg = Debug|x64
		{66650BF9-416B-450E-90AA-D9DD3FF2A695}.Debug|x64.Build.0 = Debug|x64
		{66650BF9-416B-450E-90AA-D9DD3FF2A695}.Debug|x86.ActiveCfg = Debug|Win32
		{66650BF9-416B-450E-90AA-D9DD3FF2A695}.Debug|x86.Build.0 = Debug|Win32
		{66650BF9-416B-450E-90AA-D9DD3FF2A695}.Release|x64.ActiveCfg = Release|x64
		{66650BF9-416B-450E-90AA-D9DD3FF2A695}.Release|x64.Build.0 = Release|x64
		{66650BF9-416B-450E-90AA-D9DD3FF2A695}.Release|x86.ActiveCfg = Release|Win32
		{66650BF9-416B-450E-90AA-D9DD3FF2A695}.Release|x86.Build.0 = Release|Win32
		{98D3C9D2-EC31-4D14-B0BE-ABCBB73FB268}.Debug|x64.ActiveCfg = Debug|x64
		{98D3C9D2-EC31-4D14-B0BE-ABCBB73FB268}.Debug|x64.Build.0 = Debug|x64
		{98D3C9D2-EC31-4D14-B0BE-ABCBB73FB268}.Debug|x86.ActiveCfg = Debug|Win32
		{98D3C9D2-EC31-4D14-B0BE-ABCBB73FB268}.Debug|x86.Build.0 = Debug|Win32
		{98D3C9D2-EC31-4D14-B0BE-ABCBB73FB268}.Release|x64.ActiveCfg = Release|x64
		{98D3C9D2-EC31-4D14-B0BE-ABCBB73FB268}.Release|x64.Build.0 = Release|x64
		{98D3C9D2-EC31-4D14-B0BE-ABCBB73FB268}.Release|x86.ActiveCfg = Release|Win32
		{98D3C9D2-EC31-4D14-B0BE-ABCBB73FB268}.Release|x86.Build.0 = Release|Win32
		{EF72AB62-7BDB-4F56-A8D3-1DF6ACAC4003}.Debug|x64.ActiveCfg = Debug|x64
		{EF72AB62-7BDB-4F56-A8D3-1DF6ACAC4003}.Debug|x64.Build.0 = Debug|x64
		{EF72AB62-7BDB-4F56-A8D3-1DF6ACAC4003}.Debug|x86.ActiveCfg = Debug|Win32
		{EF72AB62-7BDB-4F56-A8D3-1DF6ACAC4003}.Debug|x86.Build.0 = Debug|Win32
		{EF72AB62-7BDB-4F56-A8D3-1DF6ACAC4003}.Release|x64.ActiveCfg = Release|x64
		{EF72AB62-7BDB-4F56-A8D3-1DF6ACAC4003}.Release|x64.Build.0 = Release|x64
		{EF72AB62-7BDB-4F56-A8D3-1DF6ACAC4003}.Release|x86.ActiveCfg = Release|Win32
		{EF72AB62-7BDB-4F56-A8D3-1DF6ACAC4003}.Release|x86.Build.0 = Release|Win32
		{A5855DC4-9028-4FAE-A507-425F69C43469}.Debug|x64.ActiveCfg = Debug|x64
		{A5855DC4-9028-4FAE-A507-425F69C43469}.Debug|x64.Build.0 = Debug|x64
		{A5855DC4-9028-4FAE-A507-425F69C43469}.Debug|x86.ActiveCfg = Debug|Win32
		{A5855DC4-9028-4FAE-A507-425F69C43469}.Debug|x86.Build.0 = Debug|Win32
		{A5855DC4-9028-4FAE-A507-425F69C43469}.Release|x64.ActiveCfg = Release|x64
		{A5855DC4-9028-4FAE-A507-425F69C43469}.Release|x64.Build.0 = Release|x64
		{A5855DC4-9028-4FAE-A507-425F69C43469}.Release|x86.ActiveCfg = Release|Win32
		{A5855DC4-9028-4FAE-A507-425F69C43469}.Release|x86.Build.0 = Release|Win32
		{6164B71B-D3DC-435A-B85E-2941DF843DCA}.Debug|x64.ActiveCfg = Debug|x64
		{6164B71B-D3DC-435A-B85E-2941DF843DCA}.Debug|x64.Build.0 = Debug|x64
		{6164B71B-D3DC-435A-B85E-2941DF843DCA}.Debug|x86.ActiveCfg = Debug|Win32
		{6164B71B-D3DC-435A-B85E-2941DF843DCA}.Debug|x86.Build.0 = Debug|Win32
		{6164B71B-D3DC-435A-B85E-2941DF843DCA}.Release|x64.ActiveCfg = Release|x64
		{6164B71B-D3DC-435A-B85E-2941DF843DCA}.Release|x64.Build.0 = Release|x64
		{6164B71B-D3DC-435A-B85E-2941DF843DCA}.Release|x86.ActiveCfg = Release|Win32
		{6164B71B-D3DC-435A-B85E-2941DF843DCA}.Release|x86.Build.0 = Release|Win32
		{061B478B-2863-4A65-8141-91FD02E82C3C}.Debug|x64.ActiveCfg = Debug|x64
		{061B478B-2863-4A65-8141-91FD02E82C3C}.Debug|x64.Build.0 = Debug|x64
		{061B478B-2863-4A65-8141-91FD02E82C3C}.Debug|x86.ActiveCfg = Debug|Win32
		{061B478B-2863-4A65-8141-91FD02E82C3C}.Debug|x86.Build.0 = Debug|Win32
		{061B478B-2863-4A65-8141-91FD02E82C3C}.Release|x64.ActiveCfg = Release|x64
		{061B478B-2863-4A65-8141-91FD02E82C3C}.Release|x64.Build.0 = Release|x64
		{061B478B-2863-4A65-8141-91FD02E82C3C}.Release|x86.ActiveCfg = Release|Win32
		{061B478B-2863-4A65-8141-91FD02E82C3C}.Release|x86.Build.0 = Release|Win32
		{6781E693-946D-4CAD-A3D5-650532EA7343}.Debug|x64.ActiveCfg = Debug|x64
		{6781E693-946D-4CAD-A3D5-650532EA7343}.Debug|x64.Build.0 = Debug|x64
		{6781E693-946D-4CAD-A3D5-650532EA7343}.Debug|x86.ActiveCfg = Debug|Win32
		{6781E693-946D-4CAD-A3D5-650532EA7343}.Debug|x86.Build.0 = Debug|Win32
		{6781E693-946D-4CAD-A3D5-650532EA7343}.Release|x64.ActiveCfg = Release|x64
		{6781E693-946D-4CAD-A3D5-650532EA7343}.Release|x64.Build.0 = Release|x64
		{6781E693-946D-4CAD-A3D5-650532EA7343}.Release|x86.ActiveCfg = Release|Win32
		{6781E693-946D-4CAD-A3D5-650532EA7343}.Release|x86.Build.0 = Release|Win32
		{FE5FAC92-49F5-4076-883C-97CA81A31D1D}.Debug|x64.ActiveCfg = Debug|x64
		{FE5FAC92-49F5-4076-883C-97CA81A31D1D}.Debug|x64.Build.0 = Debug|x64
		{FE5FAC92-49F5-4076-883C-97CA81A31D1D}.Debug|x86.ActiveCfg = Debug|Win32
		{FE5FAC92-49F5-4076-883C-97CA81A31D1D}.Debug|x86.Build.0 = Debug|Win32
		{FE5FAC92-49F5-4076-883C-97CA81A31D1D}.Release|x64.ActiveCfg = Release|x64
		{FE5FAC92-49F5-4076-883C-97CA81A31D1D}.Release|x64.Build.0 = Release|x64
		{FE5FAC92-49F5-4076-883C-97CA81A31D1D}.Release|x86.ActiveCfg = Release|Win32
		{FE5FAC92-49F5-4076-883C-97CA81A31D1D}.Release|x86.Build.0 = Release|Win32
		{4011CA86-DAF0-411F-8056-C600E87EB160}.Debug|x64.ActiveCfg = Debug|x64
		{4011CA86-DAF0-411F-8056-C600E87EB160}.Debug|x64.Build.0 = Debug|x64
		{4011CA86-DAF0-411F-8056-C600E87EB160}.Debug|x86.ActiveCfg = Debug|Win32
		{4011CA86-DAF0-411F-8056-C600E87EB160}.Debug|x86.Build.0 = Debug|Win32
		{4011CA86-DAF0-411F-8056-C600E87EB160}.Release|x64.ActiveCfg = Release|x64
		{4011CA86-DAF0-411F-8056-C600E87EB160}.Release|x64.Build.0 = Release|x64
		{4011CA86-DAF0-411F-8056-C600E87EB160}.Release|x86.ActiveCfg = Release|Win32
		{4011CA86-DAF0-411F-8056-C600E87EB160}.Release|x86.Build.0 = Release|Win32
		{047215AE-28FF-4F44-8AEE-D541859EEC43}.Debug|x64.ActiveCfg = Debug|x64
		{047215AE-28FF-4F44-8AEE-D541859EEC43}.Debug|x64.Build.0 = Debug|x64
		{047215AE-28FF-4F44-8AEE-D541859EEC43}.Debug|x86.ActiveCfg = Debug|Win32
		{047215AE-28FF-4F44-8AEE-D541859EEC43}.Debug|x86.Build.0 = Debug|Win32
		{047215AE-28FF-4F44-8AEE-D541859EEC43}.Release|x64.ActiveCfg = Release|x64
		{047215AE-28FF-4F44-8AEE-D541859EEC43}.Release|x64.Build.0 = Release|x64
		{047215AE-28FF-4F44-8AEE-D541859EEC43}.Release|x86.ActiveCfg = Release|Win32
		{047215AE-28FF-4F44-8AEE-D541859EEC43}.Release|x86.Build.0 = Release|Win32
		{E32E64E4-C90C-4413-BAE5-281C8FBFA51D}.Debug|x64.ActiveCfg = Debug|x64
		{E32E64E4-C90C-4413-BAE5-281C8FBFA51D}.Debug|x64.Build.0 = Debug|x64
		{E32E64E4-C90C-4413-BAE5-281C8FBFA51D}.Debug|x86.ActiveCfg = Debug|Win32
		{E32E64E4-C90C-4413-BAE5-281C8FBFA51D}.Debug|x86.Build.0 = Debug|Win32
		{E32E64E4-C90C-4413-BAE5-281C8FBFA51D}.Release|x64.ActiveCfg = Release|x64
		{E32E64E4-C90C-4413-BAE5-281C8FBFA51D}.Release|x64.Build.0 = Release|x64
		{E32E64E4-C90C-4413-BAE5-281C8FBFA51D}.Release|x86.ActiveCfg = Release|Win32
		{E32E64E4-C90C-4413-BAE5-281C8FBFA51D}.Release|x86.Build.0 = Release|Win32
		{A96A91A8-28B7-4CFA-83E2-53279B814FAA}.Debug|x64.ActiveCfg = Debug|x64
		{A96A91A8-28B7-4CFA-83E2-53279B814FAA}.Debug|x64.Build.0 = Debug|x64
		{A96A91A8-28B7-4CFA-83E2-53279B814FAA}.Debug|x86.ActiveCfg = Debug|Win32
		{A96A91A8-28B7-4CFA-83E2-53279B814FAA}.Debug|x86.Build.0 = Debug|Win32
		{A96A91A8-28B7-4CFA-83E2-53279B814FAA}.Release|x64.ActiveCfg = Release|x64
		{A96A91A8-28B7-4CFA-83E2-53279B814FAA}.Release|x64.Build.0 = Release|x64
		{A96A91A8-28B7-4CFA-83E2-53279B814FAA}.Release|x86.ActiveCfg = Release|Win32
		{A96A91A8-28B7-4CFA-83E2-53279B814FAA}.Release|x86.Build.0 = Release|Win32
	EndGlobalSection
	GlobalSection(SolutionProperties) = preSolution
		HideSolutionNode = FALSE
	EndGlobalSection
	GlobalSection(NestedProjects) = preSolution
		{FE5FAC92-49F5-4076-883C-97CA81A31D1D} = {D449DA6E-48ED-4336-BDA0-D601559162CE}
		{4011CA86-DAF0-411F-8056-C600E87EB160} = {D449DA6E-48ED-4336-BDA0-D601559162CE}
		{047215AE-28FF-4F44-8AEE-D541859EEC43} = {D449DA6E-48ED-4336-BDA0-D601559162CE}
	EndGlobalSection
	GlobalSection(ExtensibilityGlobals) = postSolution
		SolutionGuid = {22DB0F52-C137-4B5C-BADA-3E0ACAA5BC00}
	EndGlobalSection
EndGlobal
